{
  "name": "redmine_add_buttons",
  "lockfileVersion": 2,
  "requires": true,
  "packages": {
    "": {
      "devDependencies": {
        "@prettier/plugin-ruby": "^4.0.2",
        "prettier": "^3.0.0"
      }
    },
    "node_modules/@prettier/plugin-ruby": {
      "version": "4.0.2",
      "resolved": "https://registry.npmjs.org/@prettier/plugin-ruby/-/plugin-ruby-4.0.2.tgz",
      "integrity": "sha512-TOGsMoOLF0BLwRozqtTB/w7HpDHotDSBPfLsMBpCjlMONLSoCWBF1NhZQjiioyLim7tCltzFrCqZp11WcrPOzA==",
      "dev": true,
      "peerDependencies": {
        "prettier": "^3.0.0"
      }
    },
    "node_modules/prettier": {
      "version": "3.0.0",
      "resolved": "https://registry.npmjs.org/prettier/-/prettier-3.0.0.tgz",
      "integrity": "sha512-zBf5eHpwHOGPC47h0zrPyNn+eAEIdEzfywMoYn2XPi0P44Zp0tSq64rq0xAREh4auw2cJZHo9QUob+NqCQky4g==",
      "dev": true,
      "bin": {
        "prettier": "bin/prettier.cjs"
      },
      "engines": {
        "node": ">=14"
      },
      "funding": {
        "url": "https://github.com/prettier/prettier?sponsor=1"
      }
    }
  },
  "dependencies": {
    "@prettier/plugin-ruby": {
      "version": "4.0.2",
      "resolved": "https://registry.npmjs.org/@prettier/plugin-ruby/-/plugin-ruby-4.0.2.tgz",
      "integrity": "sha512-TOGsMoOLF0BLwRozqtTB/w7HpDHotDSBPfLsMBpCjlMONLSoCWBF1NhZQjiioyLim7tCltzFrCqZp11WcrPOzA==",
      "dev": true,
      "requires": {}
    },
    "prettier": {
      "version": "3.0.0",
      "resolved": "https://registry.npmjs.org/prettier/-/prettier-3.0.0.tgz",
      "integrity": "sha512-zBf5eHpwHOGPC47h0zrPyNn+eAEIdEzfywMoYn2XPi0P44Zp0tSq64rq0xAREh4auw2cJZHo9QUob+NqCQky4g==",
      "dev": true
    }
  }
}
